// !$*UTF8*$!
{
	archiveVersion = 1;
	classes = {
	};
	objectVersion = 46;
	objects = {

/* Begin PBXBuildFile section */
		68A0AD9B1E53F2DA00A8BCEF /* MKAnnotationView+WebCache.m in Sources */ = {isa = PBXBuildFile; fileRef = 68A0AD791E53F2DA00A8BCEF /* MKAnnotationView+WebCache.m */; };
		68A0AD9C1E53F2DA00A8BCEF /* NSData+ImageContentType.m in Sources */ = {isa = PBXBuildFile; fileRef = 68A0AD7B1E53F2DA00A8BCEF /* NSData+ImageContentType.m */; };
		68A0AD9D1E53F2DA00A8BCEF /* SDImageCache.m in Sources */ = {isa = PBXBuildFile; fileRef = 68A0AD7D1E53F2DA00A8BCEF /* SDImageCache.m */; };
		68A0AD9E1E53F2DA00A8BCEF /* SDWebImageCompat.m in Sources */ = {isa = PBXBuildFile; fileRef = 68A0AD7F1E53F2DA00A8BCEF /* SDWebImageCompat.m */; };
		68A0AD9F1E53F2DA00A8BCEF /* SDWebImageDecoder.m in Sources */ = {isa = PBXBuildFile; fileRef = 68A0AD811E53F2DA00A8BCEF /* SDWebImageDecoder.m */; };
		68A0ADA01E53F2DA00A8BCEF /* SDWebImageDownloader.m in Sources */ = {isa = PBXBuildFile; fileRef = 68A0AD831E53F2DA00A8BCEF /* SDWebImageDownloader.m */; };
		68A0ADA11E53F2DA00A8BCEF /* SDWebImageDownloaderOperation.m in Sources */ = {isa = PBXBuildFile; fileRef = 68A0AD851E53F2DA00A8BCEF /* SDWebImageDownloaderOperation.m */; };
		68A0ADA21E53F2DA00A8BCEF /* SDWebImageManager.m in Sources */ = {isa = PBXBuildFile; fileRef = 68A0AD871E53F2DA00A8BCEF /* SDWebImageManager.m */; };
		68A0ADA31E53F2DA00A8BCEF /* SDWebImagePrefetcher.m in Sources */ = {isa = PBXBuildFile; fileRef = 68A0AD8A1E53F2DA00A8BCEF /* SDWebImagePrefetcher.m */; };
		68A0ADA41E53F2DA00A8BCEF /* UIButton+WebCache.m in Sources */ = {isa = PBXBuildFile; fileRef = 68A0AD8C1E53F2DA00A8BCEF /* UIButton+WebCache.m */; };
		68A0ADA51E53F2DA00A8BCEF /* UIImage+GIF.m in Sources */ = {isa = PBXBuildFile; fileRef = 68A0AD8E1E53F2DA00A8BCEF /* UIImage+GIF.m */; };
		68A0ADA61E53F2DA00A8BCEF /* UIImage+MultiFormat.m in Sources */ = {isa = PBXBuildFile; fileRef = 68A0AD901E53F2DA00A8BCEF /* UIImage+MultiFormat.m */; };
		68A0ADA71E53F2DA00A8BCEF /* UIImage+WebP.m in Sources */ = {isa = PBXBuildFile; fileRef = 68A0AD921E53F2DA00A8BCEF /* UIImage+WebP.m */; };
		68A0ADA81E53F2DA00A8BCEF /* UIImageView+HighlightedWebCache.m in Sources */ = {isa = PBXBuildFile; fileRef = 68A0AD941E53F2DA00A8BCEF /* UIImageView+HighlightedWebCache.m */; };
		68A0ADA91E53F2DA00A8BCEF /* UIImageView+WebCache.m in Sources */ = {isa = PBXBuildFile; fileRef = 68A0AD961E53F2DA00A8BCEF /* UIImageView+WebCache.m */; };
		68A0ADAA1E53F2DA00A8BCEF /* UIView+WebCacheOperation.m in Sources */ = {isa = PBXBuildFile; fileRef = 68A0AD981E53F2DA00A8BCEF /* UIView+WebCacheOperation.m */; };
		68A0ADAB1E53F2DA00A8BCEF /* UIImage+SRImageEffects.m in Sources */ = {isa = PBXBuildFile; fileRef = 68A0AD9A1E53F2DA00A8BCEF /* UIImage+SRImageEffects.m */; };
		68E825B21E11196E002FB39B /* main.m in Sources */ = {isa = PBXBuildFile; fileRef = 68E825B11E11196E002FB39B /* main.m */; };
		68E825B51E11196E002FB39B /* AppDelegate.m in Sources */ = {isa = PBXBuildFile; fileRef = 68E825B41E11196E002FB39B /* AppDelegate.m */; };
		68E825B81E11196E002FB39B /* ViewController.m in Sources */ = {isa = PBXBuildFile; fileRef = 68E825B71E11196E002FB39B /* ViewController.m */; };
		68E825BB1E11196E002FB39B /* Main.storyboard in Resources */ = {isa = PBXBuildFile; fileRef = 68E825B91E11196E002FB39B /* Main.storyboard */; };
		68E825BD1E11196E002FB39B /* Assets.xcassets in Resources */ = {isa = PBXBuildFile; fileRef = 68E825BC1E11196E002FB39B /* Assets.xcassets */; };
		68E825C01E11196E002FB39B /* LaunchScreen.storyboard in Resources */ = {isa = PBXBuildFile; fileRef = 68E825BE1E11196E002FB39B /* LaunchScreen.storyboard */; };
		68E825CB1E11196E002FB39B /* SRPictureBrowserDemoTests.m in Sources */ = {isa = PBXBuildFile; fileRef = 68E825CA1E11196E002FB39B /* SRPictureBrowserDemoTests.m */; };
		68E825D61E11196E002FB39B /* SRPictureBrowserDemoUITests.m in Sources */ = {isa = PBXBuildFile; fileRef = 68E825D51E11196E002FB39B /* SRPictureBrowserDemoUITests.m */; };
		68E8262D1E111A45002FB39B /* SRPictureBrowser.m in Sources */ = {isa = PBXBuildFile; fileRef = 68E826101E111A45002FB39B /* SRPictureBrowser.m */; };
		68E8262E1E111A45002FB39B /* SRPictureCell.m in Sources */ = {isa = PBXBuildFile; fileRef = 68E826121E111A45002FB39B /* SRPictureCell.m */; };
		68E8262F1E111A45002FB39B /* SRPictureIndicator.m in Sources */ = {isa = PBXBuildFile; fileRef = 68E826141E111A45002FB39B /* SRPictureIndicator.m */; };
		68E826301E111A45002FB39B /* SRPictureModel.m in Sources */ = {isa = PBXBuildFile; fileRef = 68E826171E111A45002FB39B /* SRPictureModel.m */; };
		68E826311E111A45002FB39B /* SRPictureView.m in Sources */ = {isa = PBXBuildFile; fileRef = 68E826191E111A45002FB39B /* SRPictureView.m */; };
		68E8263C1E111AF8002FB39B /* coldplay01.jpg in Resources */ = {isa = PBXBuildFile; fileRef = 68E826331E111AF8002FB39B /* coldplay01.jpg */; };
		68E8263D1E111AF8002FB39B /* coldplay02.jpg in Resources */ = {isa = PBXBuildFile; fileRef = 68E826341E111AF8002FB39B /* coldplay02.jpg */; };
		68E8263E1E111AF8002FB39B /* coldplay03.jpg in Resources */ = {isa = PBXBuildFile; fileRef = 68E826351E111AF8002FB39B /* coldplay03.jpg */; };
		68E8263F1E111AF8002FB39B /* coldplay04.jpg in Resources */ = {isa = PBXBuildFile; fileRef = 68E826361E111AF8002FB39B /* coldplay04.jpg */; };
		68E826401E111AF8002FB39B /* coldplay05.jpg in Resources */ = {isa = PBXBuildFile; fileRef = 68E826371E111AF8002FB39B /* coldplay05.jpg */; };
		68E826411E111AF8002FB39B /* coldplay06.jpg in Resources */ = {isa = PBXBuildFile; fileRef = 68E826381E111AF8002FB39B /* coldplay06.jpg */; };
		68E826421E111AF8002FB39B /* coldplay07.jpg in Resources */ = {isa = PBXBuildFile; fileRef = 68E826391E111AF8002FB39B /* coldplay07.jpg */; };
		68E826431E111AF8002FB39B /* coldplay08.jpg in Resources */ = {isa = PBXBuildFile; fileRef = 68E8263A1E111AF8002FB39B /* coldplay08.jpg */; };
		68E826441E111AF8002FB39B /* coldplay09.jpg in Resources */ = {isa = PBXBuildFile; fileRef = 68E8263B1E111AF8002FB39B /* coldplay09.jpg */; };
/* End PBXBuildFile section */

/* Begin PBXContainerItemProxy section */
		68E825C71E11196E002FB39B /* PBXContainerItemProxy */ = {
			isa = PBXContainerItemProxy;
			containerPortal = 68E825A51E11196E002FB39B /* Project object */;
			proxyType = 1;
			remoteGlobalIDString = 68E825AC1E11196E002FB39B;
			remoteInfo = SRPictureBrowserDemo;
		};
		68E825D21E11196E002FB39B /* PBXContainerItemProxy */ = {
			isa = PBXContainerItemProxy;
			containerPortal = 68E825A51E11196E002FB39B /* Project object */;
			proxyType = 1;
			remoteGlobalIDString = 68E825AC1E11196E002FB39B;
			remoteInfo = SRPictureBrowserDemo;
		};
/* End PBXContainerItemProxy section */

/* Begin PBXFileReference section */
		68A0AD781E53F2DA00A8BCEF /* MKAnnotationView+WebCache.h */ = {isa = PBXFileReference; fileEncoding = 4; lastKnownFileType = sourcecode.c.h; path = "MKAnnotationView+WebCache.h"; sourceTree = "<group>"; };
		68A0AD791E53F2DA00A8BCEF /* MKAnnotationView+WebCache.m */ = {isa = PBXFileReference; fileEncoding = 4; lastKnownFileType = sourcecode.c.objc; path = "MKAnnotationView+WebCache.m"; sourceTree = "<group>"; };
		68A0AD7A1E53F2DA00A8BCEF /* NSData+ImageContentType.h */ = {isa = PBXFileReference; fileEncoding = 4; lastKnownFileType = sourcecode.c.h; path = "NSData+ImageContentType.h"; sourceTree = "<group>"; };
		68A0AD7B1E53F2DA00A8BCEF /* NSData+ImageContentType.m */ = {isa = PBXFileReference; fileEncoding = 4; lastKnownFileType = sourcecode.c.objc; path = "NSData+ImageContentType.m"; sourceTree = "<group>"; };
		68A0AD7C1E53F2DA00A8BCEF /* SDImageCache.h */ = {isa = PBXFileReference; fileEncoding = 4; lastKnownFileType = sourcecode.c.h; path = SDImageCache.h; sourceTree = "<group>"; };
		68A0AD7D1E53F2DA00A8BCEF /* SDImageCache.m */ = {isa = PBXFileReference; fileEncoding = 4; lastKnownFileType = sourcecode.c.objc; path = SDImageCache.m; sourceTree = "<group>"; };
		68A0AD7E1E53F2DA00A8BCEF /* SDWebImageCompat.h */ = {isa = PBXFileReference; fileEncoding = 4; lastKnownFileType = sourcecode.c.h; path = SDWebImageCompat.h; sourceTree = "<group>"; };
		68A0AD7F1E53F2DA00A8BCEF /* SDWebImageCompat.m */ = {isa = PBXFileReference; fileEncoding = 4; lastKnownFileType = sourcecode.c.objc; path = SDWebImageCompat.m; sourceTree = "<group>"; };
		68A0AD801E53F2DA00A8BCEF /* SDWebImageDecoder.h */ = {isa = PBXFileReference; fileEncoding = 4; lastKnownFileType = sourcecode.c.h; path = SDWebImageDecoder.h; sourceTree = "<group>"; };
		68A0AD811E53F2DA00A8BCEF /* SDWebImageDecoder.m */ = {isa = PBXFileReference; fileEncoding = 4; lastKnownFileType = sourcecode.c.objc; path = SDWebImageDecoder.m; sourceTree = "<group>"; };
		68A0AD821E53F2DA00A8BCEF /* SDWebImageDownloader.h */ = {isa = PBXFileReference; fileEncoding = 4; lastKnownFileType = sourcecode.c.h; path = SDWebImageDownloader.h; sourceTree = "<group>"; };
		68A0AD831E53F2DA00A8BCEF /* SDWebImageDownloader.m */ = {isa = PBXFileReference; fileEncoding = 4; lastKnownFileType = sourcecode.c.objc; path = SDWebImageDownloader.m; sourceTree = "<group>"; };
		68A0AD841E53F2DA00A8BCEF /* SDWebImageDownloaderOperation.h */ = {isa = PBXFileReference; fileEncoding = 4; lastKnownFileType = sourcecode.c.h; path = SDWebImageDownloaderOperation.h; sourceTree = "<group>"; };
		68A0AD851E53F2DA00A8BCEF /* SDWebImageDownloaderOperation.m */ = {isa = PBXFileReference; fileEncoding = 4; lastKnownFileType = sourcecode.c.objc; path = SDWebImageDownloaderOperation.m; sourceTree = "<group>"; };
		68A0AD861E53F2DA00A8BCEF /* SDWebImageManager.h */ = {isa = PBXFileReference; fileEncoding = 4; lastKnownFileType = sourcecode.c.h; path = SDWebImageManager.h; sourceTree = "<group>"; };
		68A0AD871E53F2DA00A8BCEF /* SDWebImageManager.m */ = {isa = PBXFileReference; fileEncoding = 4; lastKnownFileType = sourcecode.c.objc; path = SDWebImageManager.m; sourceTree = "<group>"; };
		68A0AD881E53F2DA00A8BCEF /* SDWebImageOperation.h */ = {isa = PBXFileReference; fileEncoding = 4; lastKnownFileType = sourcecode.c.h; path = SDWebImageOperation.h; sourceTree = "<group>"; };
		68A0AD891E53F2DA00A8BCEF /* SDWebImagePrefetcher.h */ = {isa = PBXFileReference; fileEncoding = 4; lastKnownFileType = sourcecode.c.h; path = SDWebImagePrefetcher.h; sourceTree = "<group>"; };
		68A0AD8A1E53F2DA00A8BCEF /* SDWebImagePrefetcher.m */ = {isa = PBXFileReference; fileEncoding = 4; lastKnownFileType = sourcecode.c.objc; path = SDWebImagePrefetcher.m; sourceTree = "<group>"; };
		68A0AD8B1E53F2DA00A8BCEF /* UIButton+WebCache.h */ = {isa = PBXFileReference; fileEncoding = 4; lastKnownFileType = sourcecode.c.h; path = "UIButton+WebCache.h"; sourceTree = "<group>"; };
		68A0AD8C1E53F2DA00A8BCEF /* UIButton+WebCache.m */ = {isa = PBXFileReference; fileEncoding = 4; lastKnownFileType = sourcecode.c.objc; path = "UIButton+WebCache.m"; sourceTree = "<group>"; };
		68A0AD8D1E53F2DA00A8BCEF /* UIImage+GIF.h */ = {isa = PBXFileReference; fileEncoding = 4; lastKnownFileType = sourcecode.c.h; path = "UIImage+GIF.h"; sourceTree = "<group>"; };
		68A0AD8E1E53F2DA00A8BCEF /* UIImage+GIF.m */ = {isa = PBXFileReference; fileEncoding = 4; lastKnownFileType = sourcecode.c.objc; path = "UIImage+GIF.m"; sourceTree = "<group>"; };
		68A0AD8F1E53F2DA00A8BCEF /* UIImage+MultiFormat.h */ = {isa = PBXFileReference; fileEncoding = 4; lastKnownFileType = sourcecode.c.h; path = "UIImage+MultiFormat.h"; sourceTree = "<group>"; };
		68A0AD901E53F2DA00A8BCEF /* UIImage+MultiFormat.m */ = {isa = PBXFileReference; fileEncoding = 4; lastKnownFileType = sourcecode.c.objc; path = "UIImage+MultiFormat.m"; sourceTree = "<group>"; };
		68A0AD911E53F2DA00A8BCEF /* UIImage+WebP.h */ = {isa = PBXFileReference; fileEncoding = 4; lastKnownFileType = sourcecode.c.h; path = "UIImage+WebP.h"; sourceTree = "<group>"; };
		68A0AD921E53F2DA00A8BCEF /* UIImage+WebP.m */ = {isa = PBXFileReference; fileEncoding = 4; lastKnownFileType = sourcecode.c.objc; path = "UIImage+WebP.m"; sourceTree = "<group>"; };
		68A0AD931E53F2DA00A8BCEF /* UIImageView+HighlightedWebCache.h */ = {isa = PBXFileReference; fileEncoding = 4; lastKnownFileType = sourcecode.c.h; path = "UIImageView+HighlightedWebCache.h"; sourceTree = "<group>"; };
		68A0AD941E53F2DA00A8BCEF /* UIImageView+HighlightedWebCache.m */ = {isa = PBXFileReference; fileEncoding = 4; lastKnownFileType = sourcecode.c.objc; path = "UIImageView+HighlightedWebCache.m"; sourceTree = "<group>"; };
		68A0AD951E53F2DA00A8BCEF /* UIImageView+WebCache.h */ = {isa = PBXFileReference; fileEncoding = 4; lastKnownFileType = sourcecode.c.h; path = "UIImageView+WebCache.h"; sourceTree = "<group>"; };
		68A0AD961E53F2DA00A8BCEF /* UIImageView+WebCache.m */ = {isa = PBXFileReference; fileEncoding = 4; lastKnownFileType = sourcecode.c.objc; path = "UIImageView+WebCache.m"; sourceTree = "<group>"; };
		68A0AD971E53F2DA00A8BCEF /* UIView+WebCacheOperation.h */ = {isa = PBXFileReference; fileEncoding = 4; lastKnownFileType = sourcecode.c.h; path = "UIView+WebCacheOperation.h"; sourceTree = "<group>"; };
		68A0AD981E53F2DA00A8BCEF /* UIView+WebCacheOperation.m */ = {isa = PBXFileReference; fileEncoding = 4; lastKnownFileType = sourcecode.c.objc; path = "UIView+WebCacheOperation.m"; sourceTree = "<group>"; };
		68A0AD991E53F2DA00A8BCEF /* UIImage+SRImageEffects.h */ = {isa = PBXFileReference; fileEncoding = 4; lastKnownFileType = sourcecode.c.h; path = "UIImage+SRImageEffects.h"; sourceTree = "<group>"; };
		68A0AD9A1E53F2DA00A8BCEF /* UIImage+SRImageEffects.m */ = {isa = PBXFileReference; fileEncoding = 4; lastKnownFileType = sourcecode.c.objc; path = "UIImage+SRImageEffects.m"; sourceTree = "<group>"; };
		68E825AD1E11196E002FB39B /* SRPictureBrowserDemo.app */ = {isa = PBXFileReference; explicitFileType = wrapper.application; includeInIndex = 0; path = SRPictureBrowserDemo.app; sourceTree = BUILT_PRODUCTS_DIR; };
		68E825B11E11196E002FB39B /* main.m */ = {isa = PBXFileReference; lastKnownFileType = sourcecode.c.objc; path = main.m; sourceTree = "<group>"; };
		68E825B31E11196E002FB39B /* AppDelegate.h */ = {isa = PBXFileReference; lastKnownFileType = sourcecode.c.h; path = AppDelegate.h; sourceTree = "<group>"; };
		68E825B41E11196E002FB39B /* AppDelegate.m */ = {isa = PBXFileReference; lastKnownFileType = sourcecode.c.objc; path = AppDelegate.m; sourceTree = "<group>"; };
		68E825B61E11196E002FB39B /* ViewController.h */ = {isa = PBXFileReference; lastKnownFileType = sourcecode.c.h; path = ViewController.h; sourceTree = "<group>"; };
		68E825B71E11196E002FB39B /* ViewController.m */ = {isa = PBXFileReference; lastKnownFileType = sourcecode.c.objc; path = ViewController.m; sourceTree = "<group>"; };
		68E825BA1E11196E002FB39B /* Base */ = {isa = PBXFileReference; lastKnownFileType = file.storyboard; name = Base; path = Base.lproj/Main.storyboard; sourceTree = "<group>"; };
		68E825BC1E11196E002FB39B /* Assets.xcassets */ = {isa = PBXFileReference; lastKnownFileType = folder.assetcatalog; path = Assets.xcassets; sourceTree = "<group>"; };
		68E825BF1E11196E002FB39B /* Base */ = {isa = PBXFileReference; lastKnownFileType = file.storyboard; name = Base; path = Base.lproj/LaunchScreen.storyboard; sourceTree = "<group>"; };
		68E825C11E11196E002FB39B /* Info.plist */ = {isa = PBXFileReference; lastKnownFileType = text.plist.xml; path = Info.plist; sourceTree = "<group>"; };
		68E825C61E11196E002FB39B /* SRPictureBrowserDemoTests.xctest */ = {isa = PBXFileReference; explicitFileType = wrapper.cfbundle; includeInIndex = 0; path = SRPictureBrowserDemoTests.xctest; sourceTree = BUILT_PRODUCTS_DIR; };
		68E825CA1E11196E002FB39B /* SRPictureBrowserDemoTests.m */ = {isa = PBXFileReference; lastKnownFileType = sourcecode.c.objc; path = SRPictureBrowserDemoTests.m; sourceTree = "<group>"; };
		68E825CC1E11196E002FB39B /* Info.plist */ = {isa = PBXFileReference; lastKnownFileType = text.plist.xml; path = Info.plist; sourceTree = "<group>"; };
		68E825D11E11196E002FB39B /* SRPictureBrowserDemoUITests.xctest */ = {isa = PBXFileReference; explicitFileType = wrapper.cfbundle; includeInIndex = 0; path = SRPictureBrowserDemoUITests.xctest; sourceTree = BUILT_PRODUCTS_DIR; };
		68E825D51E11196E002FB39B /* SRPictureBrowserDemoUITests.m */ = {isa = PBXFileReference; lastKnownFileType = sourcecode.c.objc; path = SRPictureBrowserDemoUITests.m; sourceTree = "<group>"; };
		68E825D71E11196E002FB39B /* Info.plist */ = {isa = PBXFileReference; lastKnownFileType = text.plist.xml; path = Info.plist; sourceTree = "<group>"; };
		68E8260F1E111A45002FB39B /* SRPictureBrowser.h */ = {isa = PBXFileReference; fileEncoding = 4; lastKnownFileType = sourcecode.c.h; path = SRPictureBrowser.h; sourceTree = "<group>"; };
		68E826101E111A45002FB39B /* SRPictureBrowser.m */ = {isa = PBXFileReference; fileEncoding = 4; lastKnownFileType = sourcecode.c.objc; path = SRPictureBrowser.m; sourceTree = "<group>"; };
		68E826111E111A45002FB39B /* SRPictureCell.h */ = {isa = PBXFileReference; fileEncoding = 4; lastKnownFileType = sourcecode.c.h; path = SRPictureCell.h; sourceTree = "<group>"; };
		68E826121E111A45002FB39B /* SRPictureCell.m */ = {isa = PBXFileReference; fileEncoding = 4; lastKnownFileType = sourcecode.c.objc; path = SRPictureCell.m; sourceTree = "<group>"; };
		68E826131E111A45002FB39B /* SRPictureIndicator.h */ = {isa = PBXFileReference; fileEncoding = 4; lastKnownFileType = sourcecode.c.h; path = SRPictureIndicator.h; sourceTree = "<group>"; };
		68E826141E111A45002FB39B /* SRPictureIndicator.m */ = {isa = PBXFileReference; fileEncoding = 4; lastKnownFileType = sourcecode.c.objc; path = SRPictureIndicator.m; sourceTree = "<group>"; };
		68E826151E111A45002FB39B /* SRPictureMacro.h */ = {isa = PBXFileReference; fileEncoding = 4; lastKnownFileType = sourcecode.c.h; path = SRPictureMacro.h; sourceTree = "<group>"; };
		68E826161E111A45002FB39B /* SRPictureModel.h */ = {isa = PBXFileReference; fileEncoding = 4; lastKnownFileType = sourcecode.c.h; path = SRPictureModel.h; sourceTree = "<group>"; };
		68E826171E111A45002FB39B /* SRPictureModel.m */ = {isa = PBXFileReference; fileEncoding = 4; lastKnownFileType = sourcecode.c.objc; path = SRPictureModel.m; sourceTree = "<group>"; };
		68E826181E111A45002FB39B /* SRPictureView.h */ = {isa = PBXFileReference; fileEncoding = 4; lastKnownFileType = sourcecode.c.h; path = SRPictureView.h; sourceTree = "<group>"; };
		68E826191E111A45002FB39B /* SRPictureView.m */ = {isa = PBXFileReference; fileEncoding = 4; lastKnownFileType = sourcecode.c.objc; path = SRPictureView.m; sourceTree = "<group>"; };
		68E826331E111AF8002FB39B /* coldplay01.jpg */ = {isa = PBXFileReference; lastKnownFileType = image.jpeg; path = coldplay01.jpg; sourceTree = "<group>"; };
		68E826341E111AF8002FB39B /* coldplay02.jpg */ = {isa = PBXFileReference; lastKnownFileType = image.jpeg; path = coldplay02.jpg; sourceTree = "<group>"; };
		68E826351E111AF8002FB39B /* coldplay03.jpg */ = {isa = PBXFileReference; lastKnownFileType = image.jpeg; path = coldplay03.jpg; sourceTree = "<group>"; };
		68E826361E111AF8002FB39B /* coldplay04.jpg */ = {isa = PBXFileReference; lastKnownFileType = image.jpeg; path = coldplay04.jpg; sourceTree = "<group>"; };
		68E826371E111AF8002FB39B /* coldplay05.jpg */ = {isa = PBXFileReference; lastKnownFileType = image.jpeg; path = coldplay05.jpg; sourceTree = "<group>"; };
		68E826381E111AF8002FB39B /* coldplay06.jpg */ = {isa = PBXFileReference; lastKnownFileType = image.jpeg; path = coldplay06.jpg; sourceTree = "<group>"; };
		68E826391E111AF8002FB39B /* coldplay07.jpg */ = {isa = PBXFileReference; lastKnownFileType = image.jpeg; path = coldplay07.jpg; sourceTree = "<group>"; };
		68E8263A1E111AF8002FB39B /* coldplay08.jpg */ = {isa = PBXFileReference; lastKnownFileType = image.jpeg; path = coldplay08.jpg; sourceTree = "<group>"; };
		68E8263B1E111AF8002FB39B /* coldplay09.jpg */ = {isa = PBXFileReference; lastKnownFileType = image.jpeg; path = coldplay09.jpg; sourceTree = "<group>"; };
/* End PBXFileReference section */

/* Begin PBXFrameworksBuildPhase section */
		68E825AA1E11196E002FB39B /* Frameworks */ = {
			isa = PBXFrameworksBuildPhase;
			buildActionMask = 2147483647;
			files = (
			);
			runOnlyForDeploymentPostprocessing = 0;
		};
		68E825C31E11196E002FB39B /* Frameworks */ = {
			isa = PBXFrameworksBuildPhase;
			buildActionMask = 2147483647;
			files = (
			);
			runOnlyForDeploymentPostprocessing = 0;
		};
		68E825CE1E11196E002FB39B /* Frameworks */ = {
			isa = PBXFrameworksBuildPhase;
			buildActionMask = 2147483647;
			files = (
			);
			runOnlyForDeploymentPostprocessing = 0;
		};
/* End PBXFrameworksBuildPhase section */

/* Begin PBXGroup section */
		68A0AD771E53F2DA00A8BCEF /* SDWebImage */ = {
			isa = PBXGroup;
			children = (
				68A0AD781E53F2DA00A8BCEF /* MKAnnotationView+WebCache.h */,
				68A0AD791E53F2DA00A8BCEF /* MKAnnotationView+WebCache.m */,
				68A0AD7A1E53F2DA00A8BCEF /* NSData+ImageContentType.h */,
				68A0AD7B1E53F2DA00A8BCEF /* NSData+ImageContentType.m */,
				68A0AD7C1E53F2DA00A8BCEF /* SDImageCache.h */,
				68A0AD7D1E53F2DA00A8BCEF /* SDImageCache.m */,
				68A0AD7E1E53F2DA00A8BCEF /* SDWebImageCompat.h */,
				68A0AD7F1E53F2DA00A8BCEF /* SDWebImageCompat.m */,
				68A0AD801E53F2DA00A8BCEF /* SDWebImageDecoder.h */,
				68A0AD811E53F2DA00A8BCEF /* SDWebImageDecoder.m */,
				68A0AD821E53F2DA00A8BCEF /* SDWebImageDownloader.h */,
				68A0AD831E53F2DA00A8BCEF /* SDWebImageDownloader.m */,
				68A0AD841E53F2DA00A8BCEF /* SDWebImageDownloaderOperation.h */,
				68A0AD851E53F2DA00A8BCEF /* SDWebImageDownloaderOperation.m */,
				68A0AD861E53F2DA00A8BCEF /* SDWebImageManager.h */,
				68A0AD871E53F2DA00A8BCEF /* SDWebImageManager.m */,
				68A0AD881E53F2DA00A8BCEF /* SDWebImageOperation.h */,
				68A0AD891E53F2DA00A8BCEF /* SDWebImagePrefetcher.h */,
				68A0AD8A1E53F2DA00A8BCEF /* SDWebImagePrefetcher.m */,
				68A0AD8B1E53F2DA00A8BCEF /* UIButton+WebCache.h */,
				68A0AD8C1E53F2DA00A8BCEF /* UIButton+WebCache.m */,
				68A0AD8D1E53F2DA00A8BCEF /* UIImage+GIF.h */,
				68A0AD8E1E53F2DA00A8BCEF /* UIImage+GIF.m */,
				68A0AD8F1E53F2DA00A8BCEF /* UIImage+MultiFormat.h */,
				68A0AD901E53F2DA00A8BCEF /* UIImage+MultiFormat.m */,
				68A0AD911E53F2DA00A8BCEF /* UIImage+WebP.h */,
				68A0AD921E53F2DA00A8BCEF /* UIImage+WebP.m */,
				68A0AD931E53F2DA00A8BCEF /* UIImageView+HighlightedWebCache.h */,
				68A0AD941E53F2DA00A8BCEF /* UIImageView+HighlightedWebCache.m */,
				68A0AD951E53F2DA00A8BCEF /* UIImageView+WebCache.h */,
				68A0AD961E53F2DA00A8BCEF /* UIImageView+WebCache.m */,
				68A0AD971E53F2DA00A8BCEF /* UIView+WebCacheOperation.h */,
				68A0AD981E53F2DA00A8BCEF /* UIView+WebCacheOperation.m */,
			);
			path = SDWebImage;
			sourceTree = "<group>";
		};
		68E825A41E11196E002FB39B = {
			isa = PBXGroup;
			children = (
				68E825E31E111A45002FB39B /* SRPictureBrowser */,
				68E825AF1E11196E002FB39B /* SRPictureBrowserDemo */,
				68E825C91E11196E002FB39B /* SRPictureBrowserDemoTests */,
				68E825D41E11196E002FB39B /* SRPictureBrowserDemoUITests */,
				68E825AE1E11196E002FB39B /* Products */,
			);
			sourceTree = "<group>";
		};
		68E825AE1E11196E002FB39B /* Products */ = {
			isa = PBXGroup;
			children = (
				68E825AD1E11196E002FB39B /* SRPictureBrowserDemo.app */,
				68E825C61E11196E002FB39B /* SRPictureBrowserDemoTests.xctest */,
				68E825D11E11196E002FB39B /* SRPictureBrowserDemoUITests.xctest */,
			);
			name = Products;
			sourceTree = "<group>";
		};
		68E825AF1E11196E002FB39B /* SRPictureBrowserDemo */ = {
			isa = PBXGroup;
			children = (
				68E825B61E11196E002FB39B /* ViewController.h */,
				68E825B71E11196E002FB39B /* ViewController.m */,
				68E825B01E11196E002FB39B /* Supporting Files */,
			);
			path = SRPictureBrowserDemo;
			sourceTree = "<group>";
		};
		68E825B01E11196E002FB39B /* Supporting Files */ = {
			isa = PBXGroup;
			children = (
				68E826321E111AF8002FB39B /* coldplay */,
				68E825B11E11196E002FB39B /* main.m */,
				68E825B31E11196E002FB39B /* AppDelegate.h */,
				68E825B41E11196E002FB39B /* AppDelegate.m */,
				68E825B91E11196E002FB39B /* Main.storyboard */,
				68E825BC1E11196E002FB39B /* Assets.xcassets */,
				68E825BE1E11196E002FB39B /* LaunchScreen.storyboard */,
				68E825C11E11196E002FB39B /* Info.plist */,
			);
			name = "Supporting Files";
			sourceTree = "<group>";
		};
		68E825C91E11196E002FB39B /* SRPictureBrowserDemoTests */ = {
			isa = PBXGroup;
			children = (
				68E825CA1E11196E002FB39B /* SRPictureBrowserDemoTests.m */,
				68E825CC1E11196E002FB39B /* Info.plist */,
			);
			path = SRPictureBrowserDemoTests;
			sourceTree = "<group>";
		};
		68E825D41E11196E002FB39B /* SRPictureBrowserDemoUITests */ = {
			isa = PBXGroup;
			children = (
				68E825D51E11196E002FB39B /* SRPictureBrowserDemoUITests.m */,
				68E825D71E11196E002FB39B /* Info.plist */,
			);
			path = SRPictureBrowserDemoUITests;
			sourceTree = "<group>";
		};
		68E825E31E111A45002FB39B /* SRPictureBrowser */ = {
			isa = PBXGroup;
			children = (
				68E8260F1E111A45002FB39B /* SRPictureBrowser.h */,
				68E826101E111A45002FB39B /* SRPictureBrowser.m */,
				68E826161E111A45002FB39B /* SRPictureModel.h */,
				68E826171E111A45002FB39B /* SRPictureModel.m */,
				68E826111E111A45002FB39B /* SRPictureCell.h */,
				68E826121E111A45002FB39B /* SRPictureCell.m */,
				68E826181E111A45002FB39B /* SRPictureView.h */,
				68E826191E111A45002FB39B /* SRPictureView.m */,
				68E826131E111A45002FB39B /* SRPictureIndicator.h */,
				68E826141E111A45002FB39B /* SRPictureIndicator.m */,
				68E826151E111A45002FB39B /* SRPictureMacro.h */,
				68A0AD991E53F2DA00A8BCEF /* UIImage+SRImageEffects.h */,
				68A0AD9A1E53F2DA00A8BCEF /* UIImage+SRImageEffects.m */,
				68A0AD771E53F2DA00A8BCEF /* SDWebImage */,
			);
			path = SRPictureBrowser;
			sourceTree = "<group>";
		};
		68E826321E111AF8002FB39B /* coldplay */ = {
			isa = PBXGroup;
			children = (
				68E826331E111AF8002FB39B /* coldplay01.jpg */,
				68E826341E111AF8002FB39B /* coldplay02.jpg */,
				68E826351E111AF8002FB39B /* coldplay03.jpg */,
				68E826361E111AF8002FB39B /* coldplay04.jpg */,
				68E826371E111AF8002FB39B /* coldplay05.jpg */,
				68E826381E111AF8002FB39B /* coldplay06.jpg */,
				68E826391E111AF8002FB39B /* coldplay07.jpg */,
				68E8263A1E111AF8002FB39B /* coldplay08.jpg */,
				68E8263B1E111AF8002FB39B /* coldplay09.jpg */,
			);
			path = coldplay;
			sourceTree = "<group>";
		};
/* End PBXGroup section */

/* Begin PBXNativeTarget section */
		68E825AC1E11196E002FB39B /* SRPictureBrowserDemo */ = {
			isa = PBXNativeTarget;
			buildConfigurationList = 68E825DA1E11196E002FB39B /* Build configuration list for PBXNativeTarget "SRPictureBrowserDemo" */;
			buildPhases = (
				68E825A91E11196E002FB39B /* Sources */,
				68E825AA1E11196E002FB39B /* Frameworks */,
				68E825AB1E11196E002FB39B /* Resources */,
			);
			buildRules = (
			);
			dependencies = (
			);
			name = SRPictureBrowserDemo;
			productName = SRPictureBrowserDemo;
			productReference = 68E825AD1E11196E002FB39B /* SRPictureBrowserDemo.app */;
			productType = "com.apple.product-type.application";
		};
		68E825C51E11196E002FB39B /* SRPictureBrowserDemoTests */ = {
			isa = PBXNativeTarget;
			buildConfigurationList = 68E825DD1E11196E002FB39B /* Build configuration list for PBXNativeTarget "SRPictureBrowserDemoTests" */;
			buildPhases = (
				68E825C21E11196E002FB39B /* Sources */,
				68E825C31E11196E002FB39B /* Frameworks */,
				68E825C41E11196E002FB39B /* Resources */,
			);
			buildRules = (
			);
			dependencies = (
				68E825C81E11196E002FB39B /* PBXTargetDependency */,
			);
			name = SRPictureBrowserDemoTests;
			productName = SRPictureBrowserDemoTests;
			productReference = 68E825C61E11196E002FB39B /* SRPictureBrowserDemoTests.xctest */;
			productType = "com.apple.product-type.bundle.unit-test";
		};
		68E825D01E11196E002FB39B /* SRPictureBrowserDemoUITests */ = {
			isa = PBXNativeTarget;
			buildConfigurationList = 68E825E01E11196E002FB39B /* Build configuration list for PBXNativeTarget "SRPictureBrowserDemoUITests" */;
			buildPhases = (
				68E825CD1E11196E002FB39B /* Sources */,
				68E825CE1E11196E002FB39B /* Frameworks */,
				68E825CF1E11196E002FB39B /* Resources */,
			);
			buildRules = (
			);
			dependencies = (
				68E825D31E11196E002FB39B /* PBXTargetDependency */,
			);
			name = SRPictureBrowserDemoUITests;
			productName = SRPictureBrowserDemoUITests;
			productReference = 68E825D11E11196E002FB39B /* SRPictureBrowserDemoUITests.xctest */;
			productType = "com.apple.product-type.bundle.ui-testing";
		};
/* End PBXNativeTarget section */

/* Begin PBXProject section */
		68E825A51E11196E002FB39B /* Project object */ = {
			isa = PBXProject;
			attributes = {
				LastUpgradeCheck = 0810;
				ORGANIZATIONNAME = SR;
				TargetAttributes = {
					68E825AC1E11196E002FB39B = {
						CreatedOnToolsVersion = 8.1;
						DevelopmentTeam = Y4FK8UXDXW;
						ProvisioningStyle = Manual;
					};
					68E825C51E11196E002FB39B = {
						CreatedOnToolsVersion = 8.1;
						ProvisioningStyle = Automatic;
						TestTargetID = 68E825AC1E11196E002FB39B;
					};
					68E825D01E11196E002FB39B = {
						CreatedOnToolsVersion = 8.1;
						ProvisioningStyle = Automatic;
						TestTargetID = 68E825AC1E11196E002FB39B;
					};
				};
			};
			buildConfigurationList = 68E825A81E11196E002FB39B /* Build configuration list for PBXProject "SRPictureBrowserDemo" */;
			compatibilityVersion = "Xcode 3.2";
			developmentRegion = English;
			hasScannedForEncodings = 0;
			knownRegions = (
				en,
				Base,
			);
			mainGroup = 68E825A41E11196E002FB39B;
			productRefGroup = 68E825AE1E11196E002FB39B /* Products */;
			projectDirPath = "";
			projectRoot = "";
			targets = (
				68E825AC1E11196E002FB39B /* SRPictureBrowserDemo */,
				68E825C51E11196E002FB39B /* SRPictureBrowserDemoTests */,
				68E825D01E11196E002FB39B /* SRPictureBrowserDemoUITests */,
			);
		};
/* End PBXProject section */

/* Begin PBXResourcesBuildPhase section */
		68E825AB1E11196E002FB39B /* Resources */ = {
			isa = PBXResourcesBuildPhase;
			buildActionMask = 2147483647;
			files = (
				68E826421E111AF8002FB39B /* coldplay07.jpg in Resources */,
				68E8263D1E111AF8002FB39B /* coldplay02.jpg in Resources */,
				68E826431E111AF8002FB39B /* coldplay08.jpg in Resources */,
				68E826411E111AF8002FB39B /* coldplay06.jpg in Resources */,
				68E825C01E11196E002FB39B /* LaunchScreen.storyboard in Resources */,
				68E826401E111AF8002FB39B /* coldplay05.jpg in Resources */,
				68E825BD1E11196E002FB39B /* Assets.xcassets in Resources */,
				68E8263C1E111AF8002FB39B /* coldplay01.jpg in Resources */,
				68E8263E1E111AF8002FB39B /* coldplay03.jpg in Resources */,
				68E825BB1E11196E002FB39B /* Main.storyboard in Resources */,
				68E826441E111AF8002FB39B /* coldplay09.jpg in Resources */,
				68E8263F1E111AF8002FB39B /* coldplay04.jpg in Resources */,
			);
			runOnlyForDeploymentPostprocessing = 0;
		};
		68E825C41E11196E002FB39B /* Resources */ = {
			isa = PBXResourcesBuildPhase;
			buildActionMask = 2147483647;
			files = (
			);
			runOnlyForDeploymentPostprocessing = 0;
		};
		68E825CF1E11196E002FB39B /* Resources */ = {
			isa = PBXResourcesBuildPhase;
			buildActionMask = 2147483647;
			files = (
			);
			runOnlyForDeploymentPostprocessing = 0;
		};
/* End PBXResourcesBuildPhase section */

/* Begin PBXSourcesBuildPhase section */
		68E825A91E11196E002FB39B /* Sources */ = {
			isa = PBXSourcesBuildPhase;
			buildActionMask = 2147483647;
			files = (
				68A0ADA81E53F2DA00A8BCEF /* UIImageView+HighlightedWebCache.m in Sources */,
				68A0AD9F1E53F2DA00A8BCEF /* SDWebImageDecoder.m in Sources */,
				68A0ADA91E53F2DA00A8BCEF /* UIImageView+WebCache.m in Sources */,
				68E825B81E11196E002FB39B /* ViewController.m in Sources */,
				68A0ADA11E53F2DA00A8BCEF /* SDWebImageDownloaderOperation.m in Sources */,
				68A0ADA21E53F2DA00A8BCEF /* SDWebImageManager.m in Sources */,
				68E826311E111A45002FB39B /* SRPictureView.m in Sources */,
				68A0ADAB1E53F2DA00A8BCEF /* UIImage+SRImageEffects.m in Sources */,
				68E826301E111A45002FB39B /* SRPictureModel.m in Sources */,
				68A0ADA01E53F2DA00A8BCEF /* SDWebImageDownloader.m in Sources */,
				68A0AD9B1E53F2DA00A8BCEF /* MKAnnotationView+WebCache.m in Sources */,
				68A0AD9E1E53F2DA00A8BCEF /* SDWebImageCompat.m in Sources */,
				68A0ADA31E53F2DA00A8BCEF /* SDWebImagePrefetcher.m in Sources */,
				68A0ADAA1E53F2DA00A8BCEF /* UIView+WebCacheOperation.m in Sources */,
				68A0ADA61E53F2DA00A8BCEF /* UIImage+MultiFormat.m in Sources */,
				68E8262E1E111A45002FB39B /* SRPictureCell.m in Sources */,
				68E8262D1E111A45002FB39B /* SRPictureBrowser.m in Sources */,
				68A0ADA41E53F2DA00A8BCEF /* UIButton+WebCache.m in Sources */,
				68E8262F1E111A45002FB39B /* SRPictureIndicator.m in Sources */,
				68A0AD9D1E53F2DA00A8BCEF /* SDImageCache.m in Sources */,
				68E825B51E11196E002FB39B /* AppDelegate.m in Sources */,
				68E825B21E11196E002FB39B /* main.m in Sources */,
				68A0ADA51E53F2DA00A8BCEF /* UIImage+GIF.m in Sources */,
				68A0AD9C1E53F2DA00A8BCEF /* NSData+ImageContentType.m in Sources */,
				68A0ADA71E53F2DA00A8BCEF /* UIImage+WebP.m in Sources */,
			);
			runOnlyForDeploymentPostprocessing = 0;
		};
		68E825C21E11196E002FB39B /* Sources */ = {
			isa = PBXSourcesBuildPhase;
			buildActionMask = 2147483647;
			files = (
				68E825CB1E11196E002FB39B /* SRPictureBrowserDemoTests.m in Sources */,
			);
			runOnlyForDeploymentPostprocessing = 0;
		};
		68E825CD1E11196E002FB39B /* Sources */ = {
			isa = PBXSourcesBuildPhase;
			buildActionMask = 2147483647;
			files = (
				68E825D61E11196E002FB39B /* SRPictureBrowserDemoUITests.m in Sources */,
			);
			runOnlyForDeploymentPostprocessing = 0;
		};
/* End PBXSourcesBuildPhase section */

/* Begin PBXTargetDependency section */
		68E825C81E11196E002FB39B /* PBXTargetDependency */ = {
			isa = PBXTargetDependency;
			target = 68E825AC1E11196E002FB39B /* SRPictureBrowserDemo */;
			targetProxy = 68E825C71E11196E002FB39B /* PBXContainerItemProxy */;
		};
		68E825D31E11196E002FB39B /* PBXTargetDependency */ = {
			isa = PBXTargetDependency;
			target = 68E825AC1E11196E002FB39B /* SRPictureBrowserDemo */;
			targetProxy = 68E825D21E11196E002FB39B /* PBXContainerItemProxy */;
		};
/* End PBXTargetDependency section */

/* Begin PBXVariantGroup section */
		68E825B91E11196E002FB39B /* Main.storyboard */ = {
			isa = PBXVariantGroup;
			children = (
				68E825BA1E11196E002FB39B /* Base */,
			);
			name = Main.storyboard;
			sourceTree = "<group>";
		};
		68E825BE1E11196E002FB39B /* LaunchScreen.storyboard */ = {
			isa = PBXVariantGroup;
			children = (
				68E825BF1E11196E002FB39B /* Base */,
			);
			name = LaunchScreen.storyboard;
			sourceTree = "<group>";
		};
/* End PBXVariantGroup section */

/* Begin XCBuildConfiguration section */
		68E825D81E11196E002FB39B /* Debug */ = {
			isa = XCBuildConfiguration;
			buildSettings = {
				ALWAYS_SEARCH_USER_PATHS = NO;
				CLANG_ANALYZER_NONNULL = YES;
				CLANG_CXX_LANGUAGE_STANDARD = "gnu++0x";
				CLANG_CXX_LIBRARY = "libc++";
				CLANG_ENABLE_MODULES = YES;
				CLANG_ENABLE_OBJC_ARC = YES;
				CLANG_WARN_BOOL_CONVERSION = YES;
				CLANG_WARN_CONSTANT_CONVERSION = YES;
				CLANG_WARN_DIRECT_OBJC_ISA_USAGE = YES_ERROR;
				CLANG_WARN_DOCUMENTATION_COMMENTS = YES;
				CLANG_WARN_EMPTY_BODY = YES;
				CLANG_WARN_ENUM_CONVERSION = YES;
				CLANG_WARN_INFINITE_RECURSION = YES;
				CLANG_WARN_INT_CONVERSION = YES;
				CLANG_WARN_OBJC_ROOT_CLASS = YES_ERROR;
				CLANG_WARN_SUSPICIOUS_MOVES = YES;
				CLANG_WARN_UNREACHABLE_CODE = YES;
				CLANG_WARN__DUPLICATE_METHOD_MATCH = YES;
				"CODE_SIGN_IDENTITY[sdk=iphoneos*]" = "iPhone Developer";
				COPY_PHASE_STRIP = NO;
				DEBUG_INFORMATION_FORMAT = dwarf;
				ENABLE_STRICT_OBJC_MSGSEND = YES;
				ENABLE_TESTABILITY = YES;
				GCC_C_LANGUAGE_STANDARD = gnu99;
				GCC_DYNAMIC_NO_PIC = NO;
				GCC_NO_COMMON_BLOCKS = YES;
				GCC_OPTIMIZATION_LEVEL = 0;
				GCC_PREPROCESSOR_DEFINITIONS = (
					"DEBUG=1",
					"$(inherited)",
				);
				GCC_WARN_64_TO_32_BIT_CONVERSION = YES;
				GCC_WARN_ABOUT_RETURN_TYPE = YES_ERROR;
				GCC_WARN_UNDECLARED_SELECTOR = YES;
				GCC_WARN_UNINITIALIZED_AUTOS = YES_AGGRESSIVE;
				GCC_WARN_UNUSED_FUNCTION = YES;
				GCC_WARN_UNUSED_VARIABLE = YES;
				IPHONEOS_DEPLOYMENT_TARGET = 10.1;
				MTL_ENABLE_DEBUG_INFO = YES;
				ONLY_ACTIVE_ARCH = YES;
				SDKROOT = iphoneos;
			};
			name = Debug;
		};
		68E825D91E11196E002FB39B /* Release */ = {
			isa = XCBuildConfiguration;
			buildSettings = {
				ALWAYS_SEARCH_USER_PATHS = NO;
				CLANG_ANALYZER_NONNULL = YES;
				CLANG_CXX_LANGUAGE_STANDARD = "gnu++0x";
				CLANG_CXX_LIBRARY = "libc++";
				CLANG_ENABLE_MODULES = YES;
				CLANG_ENABLE_OBJC_ARC = YES;
				CLANG_WARN_BOOL_CONVERSION = YES;
				CLANG_WARN_CONSTANT_CONVERSION = YES;
				CLANG_WARN_DIRECT_OBJC_ISA_USAGE = YES_ERROR;
				CLANG_WARN_DOCUMENTATION_COMMENTS = YES;
				CLANG_WARN_EMPTY_BODY = YES;
				CLANG_WARN_ENUM_CONVERSION = YES;
				CLANG_WARN_INFINITE_RECURSION = YES;
				CLANG_WARN_INT_CONVERSION = YES;
				CLANG_WARN_OBJC_ROOT_CLASS = YES_ERROR;
				CLANG_WARN_SUSPICIOUS_MOVES = YES;
				CLANG_WARN_UNREACHABLE_CODE = YES;
				CLANG_WARN__DUPLICATE_METHOD_MATCH = YES;
				"CODE_SIGN_IDENTITY[sdk=iphoneos*]" = "iPhone Developer";
				COPY_PHASE_STRIP = NO;
				DEBUG_INFORMATION_FORMAT = "dwarf-with-dsym";
				ENABLE_NS_ASSERTIONS = NO;
				ENABLE_STRICT_OBJC_MSGSEND = YES;
				GCC_C_LANGUAGE_STANDARD = gnu99;
				GCC_NO_COMMON_BLOCKS = YES;
				GCC_WARN_64_TO_32_BIT_CONVERSION = YES;
				GCC_WARN_ABOUT_RETURN_TYPE = YES_ERROR;
				GCC_WARN_UNDECLARED_SELECTOR = YES;
				GCC_WARN_UNINITIALIZED_AUTOS = YES_AGGRESSIVE;
				GCC_WARN_UNUSED_FUNCTION = YES;
				GCC_WARN_UNUSED_VARIABLE = YES;
				IPHONEOS_DEPLOYMENT_TARGET = 10.1;
				MTL_ENABLE_DEBUG_INFO = NO;
				SDKROOT = iphoneos;
				VALIDATE_PRODUCT = YES;
			};
			name = Release;
		};
		68E825DB1E11196E002FB39B /* Debug */ = {
			isa = XCBuildConfiguration;
			buildSettings = {
				ASSETCATALOG_COMPILER_APPICON_NAME = AppIcon;
				DEVELOPMENT_TEAM = Y4FK8UXDXW;
				INFOPLIST_FILE = SRPictureBrowserDemo/Info.plist;
				IPHONEOS_DEPLOYMENT_TARGET = 8.0;
				LD_RUNPATH_SEARCH_PATHS = "$(inherited) @executable_path/Frameworks";
				PRODUCT_BUNDLE_IDENTIFIER = com.willing.SRPictureBrowserDemo;
				PRODUCT_NAME = "$(TARGET_NAME)";
				PROVISIONING_PROFILE = "b37cda96-8f5e-4e66-b454-438b5140edb4";
				PROVISIONING_PROFILE_SPECIFIER = PPForAll;
			};
			name = Debug;
		};
		68E825DC1E11196E002FB39B /* Release */ = {
			isa = XCBuildConfiguration;
			buildSettings = {
				ASSETCATALOG_COMPILER_APPICON_NAME = AppIcon;
				DEVELOPMENT_TEAM = Y4FK8UXDXW;
				INFOPLIST_FILE = SRPictureBrowserDemo/Info.plist;
				IPHONEOS_DEPLOYMENT_TARGET = 8.0;
				LD_RUNPATH_SEARCH_PATHS = "$(inherited) @executable_path/Frameworks";
				PRODUCT_BUNDLE_IDENTIFIER = com.willing.SRPictureBrowserDemo;
				PRODUCT_NAME = "$(TARGET_NAME)";
				PROVISIONING_PROFILE = "b37cda96-8f5e-4e66-b454-438b5140edb4";
				PROVISIONING_PROFILE_SPECIFIER = PPForAll;
			};
			name = Release;
		};
		68E825DE1E11196E002FB39B /* Debug */ = {
			isa = XCBuildConfiguration;
			buildSettings = {
				BUNDLE_LOADER = "$(TEST_HOST)";
				INFOPLIST_FILE = SRPictureBrowserDemoTests/Info.plist;
				LD_RUNPATH_SEARCH_PATHS = "$(inherited) @executable_path/Frameworks @loader_path/Frameworks";
				PRODUCT_BUNDLE_IDENTIFIER = com.willing.SRPictureBrowserDemoTests;
				PRODUCT_NAME = "$(TARGET_NAME)";
				TEST_HOST = "$(BUILT_PRODUCTS_DIR)/SRPictureBrowserDemo.app/SRPictureBrowserDemo";
			};
			name = Debug;
		};
		68E825DF1E11196E002FB39B /* Release */ = {
			isa = XCBuildConfiguration;
			buildSettings = {
				BUNDLE_LOADER = "$(TEST_HOST)";
				INFOPLIST_FILE = SRPictureBrowserDemoTests/Info.plist;
				LD_RUNPATH_SEARCH_PATHS = "$(inherited) @executable_path/Frameworks @loader_path/Frameworks";
				PRODUCT_BUNDLE_IDENTIFIER = com.willing.SRPictureBrowserDemoTests;
				PRODUCT_NAME = "$(TARGET_NAME)";
				TEST_HOST = "$(BUILT_PRODUCTS_DIR)/SRPictureBrowserDemo.app/SRPictureBrowserDemo";
			};
			name = Release;
		};
		68E825E11E11196E002FB39B /* Debug */ = {
			isa = XCBuildConfiguration;
			buildSettings = {
				INFOPLIST_FILE = SRPictureBrowserDemoUITests/Info.plist;
				LD_RUNPATH_SEARCH_PATHS = "$(inherited) @executable_path/Frameworks @loader_path/Frameworks";
				PRODUCT_BUNDLE_IDENTIFIER = com.willing.SRPictureBrowserDemoUITests;
				PRODUCT_NAME = "$(TARGET_NAME)";
				TEST_TARGET_NAME = SRPictureBrowserDemo;
			};
			name = Debug;
		};
		68E825E21E11196E002FB39B /* Release */ = {
			isa = XCBuildConfiguration;
			buildSettings = {
				INFOPLIST_FILE = SRPictureBrowserDemoUITests/Info.plist;
				LD_RUNPATH_SEARCH_PATHS = "$(inherited) @executable_path/Frameworks @loader_path/Frameworks";
				PRODUCT_BUNDLE_IDENTIFIER = com.willing.SRPictureBrowserDemoUITests;
				PRODUCT_NAME = "$(TARGET_NAME)";
				TEST_TARGET_NAME = SRPictureBrowserDemo;
			};
			name = Release;
		};
/* End XCBuildConfiguration section */

/* Begin XCConfigurationList section */
		68E825A81E11196E002FB39B /* Build configuration list for PBXProject "SRPictureBrowserDemo" */ = {
			isa = XCConfigurationList;
			buildConfigurations = (
				68E825D81E11196E002FB39B /* Debug */,
				68E825D91E11196E002FB39B /* Release */,
			);
			defaultConfigurationIsVisible = 0;
			defaultConfigurationName = Release;
		};
		68E825DA1E11196E002FB39B /* Build configuration list for PBXNativeTarget "SRPictureBrowserDemo" */ = {
			isa = XCConfigurationList;
			buildConfigurations = (
				68E825DB1E11196E002FB39B /* Debug */,
				68E825DC1E11196E002FB39B /* Release */,
			);
			defaultConfigurationIsVisible = 0;
			defaultConfigurationName = Release;
		};
		68E825DD1E11196E002FB39B /* Build configuration list for PBXNativeTarget "SRPictureBrowserDemoTests" */ = {
			isa = XCConfigurationList;
			buildConfigurations = (
				68E825DE1E11196E002FB39B /* Debug */,
				68E825DF1E11196E002FB39B /* Release */,
			);
			defaultConfigurationIsVisible = 0;
			defaultConfigurationName = Release;
		};
		68E825E01E11196E002FB39B /* Build configuration list for PBXNativeTarget "SRPictureBrowserDemoUITests" */ = {
			isa = XCConfigurationList;
			buildConfigurations = (
				68E825E11E11196E002FB39B /* Debug */,
				68E825E21E11196E002FB39B /* Release */,
			);
			defaultConfigurationIsVisible = 0;
			defaultConfigurationName = Release;
		};
/* End XCConfigurationList section */
	};
	rootObject = 68E825A51E11196E002FB39B /* Project object */;
}
