// !$*UTF8*$!
{
	archiveVersion = 1;
	classes = {
	};
	objectVersion = 46;
	objects = {

/* Begin PBXBuildFile section */
		68A23F0A1EBA003000EF0DEC /* SRPictureManager.m in Sources */ = {isa = PBXBuildFile; fileRef = 68A23F091EBA003000EF0DEC /* SRPictureManager.m */; };
		68A23F121EBACB1000EF0DEC /* SRPictureBrowserDemoTests.m in Sources */ = {isa = PBXBuildFile; fileRef = 68A23F111EBACB1000EF0DEC /* SRPictureBrowserDemoTests.m */; };
		68E825B21E11196E002FB39B /* main.m in Sources */ = {isa = PBXBuildFile; fileRef = 68E825B11E11196E002FB39B /* main.m */; };
		68E825B51E11196E002FB39B /* AppDelegate.m in Sources */ = {isa = PBXBuildFile; fileRef = 68E825B41E11196E002FB39B /* AppDelegate.m */; };
		68E825B81E11196E002FB39B /* ViewController.m in Sources */ = {isa = PBXBuildFile; fileRef = 68E825B71E11196E002FB39B /* ViewController.m */; };
		68E825BB1E11196E002FB39B /* Main.storyboard in Resources */ = {isa = PBXBuildFile; fileRef = 68E825B91E11196E002FB39B /* Main.storyboard */; };
		68E825BD1E11196E002FB39B /* Assets.xcassets in Resources */ = {isa = PBXBuildFile; fileRef = 68E825BC1E11196E002FB39B /* Assets.xcassets */; };
		68E8262D1E111A45002FB39B /* SRPictureBrowser.m in Sources */ = {isa = PBXBuildFile; fileRef = 68E826101E111A45002FB39B /* SRPictureBrowser.m */; };
		68E8262E1E111A45002FB39B /* SRPictureCell.m in Sources */ = {isa = PBXBuildFile; fileRef = 68E826121E111A45002FB39B /* SRPictureCell.m */; };
		68E8262F1E111A45002FB39B /* SRPictureIndicator.m in Sources */ = {isa = PBXBuildFile; fileRef = 68E826141E111A45002FB39B /* SRPictureIndicator.m */; };
		68E826301E111A45002FB39B /* SRPictureModel.m in Sources */ = {isa = PBXBuildFile; fileRef = 68E826171E111A45002FB39B /* SRPictureModel.m */; };
		68E826311E111A45002FB39B /* SRPictureView.m in Sources */ = {isa = PBXBuildFile; fileRef = 68E826191E111A45002FB39B /* SRPictureView.m */; };
		6EBF581E1EB1165900B2B986 /* LaunchScreen.storyboard in Resources */ = {isa = PBXBuildFile; fileRef = 6EBF581D1EB1165900B2B986 /* LaunchScreen.storyboard */; };
/* End PBXBuildFile section */

/* Begin PBXContainerItemProxy section */
		68A23F141EBACB1000EF0DEC /* PBXContainerItemProxy */ = {
			isa = PBXContainerItemProxy;
			containerPortal = 68E825A51E11196E002FB39B /* Project object */;
			proxyType = 1;
			remoteGlobalIDString = 68E825AC1E11196E002FB39B;
			remoteInfo = SRPictureBrowserDemo;
		};
/* End PBXContainerItemProxy section */

/* Begin PBXFileReference section */
		68A0ADED1E53FD1E00A8BCEF /* ImageIO.framework */ = {isa = PBXFileReference; lastKnownFileType = wrapper.framework; name = ImageIO.framework; path = System/Library/Frameworks/ImageIO.framework; sourceTree = SDKROOT; };
		68A23F081EBA003000EF0DEC /* SRPictureManager.h */ = {isa = PBXFileReference; fileEncoding = 4; lastKnownFileType = sourcecode.c.h; path = SRPictureManager.h; sourceTree = "<group>"; };
		68A23F091EBA003000EF0DEC /* SRPictureManager.m */ = {isa = PBXFileReference; fileEncoding = 4; lastKnownFileType = sourcecode.c.objc; path = SRPictureManager.m; sourceTree = "<group>"; };
		68A23F0F1EBACB1000EF0DEC /* SRPictureBrowserDemoTests.xctest */ = {isa = PBXFileReference; explicitFileType = wrapper.cfbundle; includeInIndex = 0; path = SRPictureBrowserDemoTests.xctest; sourceTree = BUILT_PRODUCTS_DIR; };
		68A23F111EBACB1000EF0DEC /* SRPictureBrowserDemoTests.m */ = {isa = PBXFileReference; lastKnownFileType = sourcecode.c.objc; path = SRPictureBrowserDemoTests.m; sourceTree = "<group>"; };
		68A23F131EBACB1000EF0DEC /* Info.plist */ = {isa = PBXFileReference; lastKnownFileType = text.plist.xml; path = Info.plist; sourceTree = "<group>"; };
		68E825AD1E11196E002FB39B /* SRPictureBrowserDemo.app */ = {isa = PBXFileReference; explicitFileType = wrapper.application; includeInIndex = 0; path = SRPictureBrowserDemo.app; sourceTree = BUILT_PRODUCTS_DIR; };
		68E825B11E11196E002FB39B /* main.m */ = {isa = PBXFileReference; lastKnownFileType = sourcecode.c.objc; path = main.m; sourceTree = "<group>"; };
		68E825B31E11196E002FB39B /* AppDelegate.h */ = {isa = PBXFileReference; lastKnownFileType = sourcecode.c.h; path = AppDelegate.h; sourceTree = "<group>"; };
		68E825B41E11196E002FB39B /* AppDelegate.m */ = {isa = PBXFileReference; lastKnownFileType = sourcecode.c.objc; path = AppDelegate.m; sourceTree = "<group>"; };
		68E825B61E11196E002FB39B /* ViewController.h */ = {isa = PBXFileReference; lastKnownFileType = sourcecode.c.h; path = ViewController.h; sourceTree = "<group>"; };
		68E825B71E11196E002FB39B /* ViewController.m */ = {isa = PBXFileReference; lastKnownFileType = sourcecode.c.objc; path = ViewController.m; sourceTree = "<group>"; };
		68E825BA1E11196E002FB39B /* Base */ = {isa = PBXFileReference; lastKnownFileType = file.storyboard; name = Base; path = Base.lproj/Main.storyboard; sourceTree = "<group>"; };
		68E825BC1E11196E002FB39B /* Assets.xcassets */ = {isa = PBXFileReference; lastKnownFileType = folder.assetcatalog; path = Assets.xcassets; sourceTree = "<group>"; };
		68E825C11E11196E002FB39B /* Info.plist */ = {isa = PBXFileReference; lastKnownFileType = text.plist.xml; path = Info.plist; sourceTree = "<group>"; };
		68E8260F1E111A45002FB39B /* SRPictureBrowser.h */ = {isa = PBXFileReference; fileEncoding = 4; lastKnownFileType = sourcecode.c.h; path = SRPictureBrowser.h; sourceTree = "<group>"; };
		68E826101E111A45002FB39B /* SRPictureBrowser.m */ = {isa = PBXFileReference; fileEncoding = 4; lastKnownFileType = sourcecode.c.objc; path = SRPictureBrowser.m; sourceTree = "<group>"; };
		68E826111E111A45002FB39B /* SRPictureCell.h */ = {isa = PBXFileReference; fileEncoding = 4; lastKnownFileType = sourcecode.c.h; path = SRPictureCell.h; sourceTree = "<group>"; };
		68E826121E111A45002FB39B /* SRPictureCell.m */ = {isa = PBXFileReference; fileEncoding = 4; lastKnownFileType = sourcecode.c.objc; path = SRPictureCell.m; sourceTree = "<group>"; };
		68E826131E111A45002FB39B /* SRPictureIndicator.h */ = {isa = PBXFileReference; fileEncoding = 4; lastKnownFileType = sourcecode.c.h; path = SRPictureIndicator.h; sourceTree = "<group>"; };
		68E826141E111A45002FB39B /* SRPictureIndicator.m */ = {isa = PBXFileReference; fileEncoding = 4; lastKnownFileType = sourcecode.c.objc; path = SRPictureIndicator.m; sourceTree = "<group>"; };
		68E826161E111A45002FB39B /* SRPictureModel.h */ = {isa = PBXFileReference; fileEncoding = 4; lastKnownFileType = sourcecode.c.h; path = SRPictureModel.h; sourceTree = "<group>"; };
		68E826171E111A45002FB39B /* SRPictureModel.m */ = {isa = PBXFileReference; fileEncoding = 4; lastKnownFileType = sourcecode.c.objc; path = SRPictureModel.m; sourceTree = "<group>"; };
		68E826181E111A45002FB39B /* SRPictureView.h */ = {isa = PBXFileReference; fileEncoding = 4; lastKnownFileType = sourcecode.c.h; path = SRPictureView.h; sourceTree = "<group>"; };
		68E826191E111A45002FB39B /* SRPictureView.m */ = {isa = PBXFileReference; fileEncoding = 4; lastKnownFileType = sourcecode.c.objc; path = SRPictureView.m; sourceTree = "<group>"; };
		6EBF581D1EB1165900B2B986 /* LaunchScreen.storyboard */ = {isa = PBXFileReference; fileEncoding = 4; lastKnownFileType = file.storyboard; path = LaunchScreen.storyboard; sourceTree = "<group>"; };
/* End PBXFileReference section */

/* Begin PBXFrameworksBuildPhase section */
		68A23F0C1EBACB1000EF0DEC /* Frameworks */ = {
			isa = PBXFrameworksBuildPhase;
			buildActionMask = 2147483647;
			files = (
			);
			runOnlyForDeploymentPostprocessing = 0;
		};
		68E825AA1E11196E002FB39B /* Frameworks */ = {
			isa = PBXFrameworksBuildPhase;
			buildActionMask = 2147483647;
			files = (
			);
			runOnlyForDeploymentPostprocessing = 0;
		};
/* End PBXFrameworksBuildPhase section */

/* Begin PBXGroup section */
		68A0ADEC1E53FD1E00A8BCEF /* Frameworks */ = {
			isa = PBXGroup;
			children = (
				68A0ADED1E53FD1E00A8BCEF /* ImageIO.framework */,
			);
			name = Frameworks;
			sourceTree = "<group>";
		};
		68A23F101EBACB1000EF0DEC /* SRPictureBrowserDemoTests */ = {
			isa = PBXGroup;
			children = (
				68A23F111EBACB1000EF0DEC /* SRPictureBrowserDemoTests.m */,
				68A23F131EBACB1000EF0DEC /* Info.plist */,
			);
			path = SRPictureBrowserDemoTests;
			sourceTree = "<group>";
		};
		68E825A41E11196E002FB39B = {
			isa = PBXGroup;
			children = (
				68E825AF1E11196E002FB39B /* SRPictureBrowserDemo */,
				68A23F101EBACB1000EF0DEC /* SRPictureBrowserDemoTests */,
				68E825AE1E11196E002FB39B /* Products */,
				68A0ADEC1E53FD1E00A8BCEF /* Frameworks */,
			);
			sourceTree = "<group>";
		};
		68E825AE1E11196E002FB39B /* Products */ = {
			isa = PBXGroup;
			children = (
				68E825AD1E11196E002FB39B /* SRPictureBrowserDemo.app */,
				68A23F0F1EBACB1000EF0DEC /* SRPictureBrowserDemoTests.xctest */,
			);
			name = Products;
			sourceTree = "<group>";
		};
		68E825AF1E11196E002FB39B /* SRPictureBrowserDemo */ = {
			isa = PBXGroup;
			children = (
				68E825E31E111A45002FB39B /* SRPictureBrowser */,
				68E825B61E11196E002FB39B /* ViewController.h */,
				68E825B71E11196E002FB39B /* ViewController.m */,
				68E825B91E11196E002FB39B /* Main.storyboard */,
				68E825B01E11196E002FB39B /* Supporting Files */,
			);
			path = SRPictureBrowserDemo;
			sourceTree = "<group>";
		};
		68E825B01E11196E002FB39B /* Supporting Files */ = {
			isa = PBXGroup;
			children = (
				68E825B11E11196E002FB39B /* main.m */,
				68E825B31E11196E002FB39B /* AppDelegate.h */,
				68E825B41E11196E002FB39B /* AppDelegate.m */,
				6EBF581D1EB1165900B2B986 /* LaunchScreen.storyboard */,
				68E825BC1E11196E002FB39B /* Assets.xcassets */,
				68E825C11E11196E002FB39B /* Info.plist */,
			);
			name = "Supporting Files";
			sourceTree = "<group>";
		};
		68E825E31E111A45002FB39B /* SRPictureBrowser */ = {
			isa = PBXGroup;
			children = (
				68E8260F1E111A45002FB39B /* SRPictureBrowser.h */,
				68E826101E111A45002FB39B /* SRPictureBrowser.m */,
				68E826161E111A45002FB39B /* SRPictureModel.h */,
				68E826171E111A45002FB39B /* SRPictureModel.m */,
				68E826111E111A45002FB39B /* SRPictureCell.h */,
				68E826121E111A45002FB39B /* SRPictureCell.m */,
				68E826181E111A45002FB39B /* SRPictureView.h */,
				68E826191E111A45002FB39B /* SRPictureView.m */,
				68E826131E111A45002FB39B /* SRPictureIndicator.h */,
				68E826141E111A45002FB39B /* SRPictureIndicator.m */,
				68A23F081EBA003000EF0DEC /* SRPictureManager.h */,
				68A23F091EBA003000EF0DEC /* SRPictureManager.m */,
			);
			name = SRPictureBrowser;
			path = ../SRPictureBrowser;
			sourceTree = "<group>";
		};
/* End PBXGroup section */

/* Begin PBXNativeTarget section */
		68A23F0E1EBACB1000EF0DEC /* SRPictureBrowserDemoTests */ = {
			isa = PBXNativeTarget;
			buildConfigurationList = 68A23F181EBACB1000EF0DEC /* Build configuration list for PBXNativeTarget "SRPictureBrowserDemoTests" */;
			buildPhases = (
				68A23F0B1EBACB1000EF0DEC /* Sources */,
				68A23F0C1EBACB1000EF0DEC /* Frameworks */,
				68A23F0D1EBACB1000EF0DEC /* Resources */,
			);
			buildRules = (
			);
			dependencies = (
				68A23F151EBACB1000EF0DEC /* PBXTargetDependency */,
			);
			name = SRPictureBrowserDemoTests;
			productName = SRPictureBrowserDemoTests;
			productReference = 68A23F0F1EBACB1000EF0DEC /* SRPictureBrowserDemoTests.xctest */;
			productType = "com.apple.product-type.bundle.unit-test";
		};
		68E825AC1E11196E002FB39B /* SRPictureBrowserDemo */ = {
			isa = PBXNativeTarget;
			buildConfigurationList = 68E825DA1E11196E002FB39B /* Build configuration list for PBXNativeTarget "SRPictureBrowserDemo" */;
			buildPhases = (
				68E825A91E11196E002FB39B /* Sources */,
				68E825AA1E11196E002FB39B /* Frameworks */,
				68E825AB1E11196E002FB39B /* Resources */,
			);
			buildRules = (
			);
			dependencies = (
			);
			name = SRPictureBrowserDemo;
			productName = SRPictureBrowserDemo;
			productReference = 68E825AD1E11196E002FB39B /* SRPictureBrowserDemo.app */;
			productType = "com.apple.product-type.application";
		};
/* End PBXNativeTarget section */

/* Begin PBXProject section */
		68E825A51E11196E002FB39B /* Project object */ = {
			isa = PBXProject;
			attributes = {
				LastUpgradeCheck = 0820;
				ORGANIZATIONNAME = SR;
				TargetAttributes = {
					68A23F0E1EBACB1000EF0DEC = {
						CreatedOnToolsVersion = 8.2.1;
						ProvisioningStyle = Automatic;
						TestTargetID = 68E825AC1E11196E002FB39B;
					};
					68E825AC1E11196E002FB39B = {
						CreatedOnToolsVersion = 8.1;
						DevelopmentTeam = Y4FK8UXDXW;
						ProvisioningStyle = Manual;
					};
				};
			};
			buildConfigurationList = 68E825A81E11196E002FB39B /* Build configuration list for PBXProject "SRPictureBrowserDemo" */;
			compatibilityVersion = "Xcode 3.2";
			developmentRegion = English;
			hasScannedForEncodings = 0;
			knownRegions = (
				en,
				Base,
			);
			mainGroup = 68E825A41E11196E002FB39B;
			productRefGroup = 68E825AE1E11196E002FB39B /* Products */;
			projectDirPath = "";
			projectRoot = "";
			targets = (
				68E825AC1E11196E002FB39B /* SRPictureBrowserDemo */,
				68A23F0E1EBACB1000EF0DEC /* SRPictureBrowserDemoTests */,
			);
		};
/* End PBXProject section */

/* Begin PBXResourcesBuildPhase section */
		68A23F0D1EBACB1000EF0DEC /* Resources */ = {
			isa = PBXResourcesBuildPhase;
			buildActionMask = 2147483647;
			files = (
			);
			runOnlyForDeploymentPostprocessing = 0;
		};
		68E825AB1E11196E002FB39B /* Resources */ = {
			isa = PBXResourcesBuildPhase;
			buildActionMask = 2147483647;
			files = (
				68E825BD1E11196E002FB39B /* Assets.xcassets in Resources */,
				68E825BB1E11196E002FB39B /* Main.storyboard in Resources */,
				6EBF581E1EB1165900B2B986 /* LaunchScreen.storyboard in Resources */,
			);
			runOnlyForDeploymentPostprocessing = 0;
		};
/* End PBXResourcesBuildPhase section */

/* Begin PBXSourcesBuildPhase section */
		68A23F0B1EBACB1000EF0DEC /* Sources */ = {
			isa = PBXSourcesBuildPhase;
			buildActionMask = 2147483647;
			files = (
				68A23F121EBACB1000EF0DEC /* SRPictureBrowserDemoTests.m in Sources */,
			);
			runOnlyForDeploymentPostprocessing = 0;
		};
		68E825A91E11196E002FB39B /* Sources */ = {
			isa = PBXSourcesBuildPhase;
			buildActionMask = 2147483647;
			files = (
				68E825B81E11196E002FB39B /* ViewController.m in Sources */,
				68E826311E111A45002FB39B /* SRPictureView.m in Sources */,
				68E826301E111A45002FB39B /* SRPictureModel.m in Sources */,
				68E8262E1E111A45002FB39B /* SRPictureCell.m in Sources */,
				68E8262D1E111A45002FB39B /* SRPictureBrowser.m in Sources */,
				68E8262F1E111A45002FB39B /* SRPictureIndicator.m in Sources */,
				68E825B51E11196E002FB39B /* AppDelegate.m in Sources */,
				68A23F0A1EBA003000EF0DEC /* SRPictureManager.m in Sources */,
				68E825B21E11196E002FB39B /* main.m in Sources */,
			);
			runOnlyForDeploymentPostprocessing = 0;
		};
/* End PBXSourcesBuildPhase section */

/* Begin PBXTargetDependency section */
		68A23F151EBACB1000EF0DEC /* PBXTargetDependency */ = {
			isa = PBXTargetDependency;
			target = 68E825AC1E11196E002FB39B /* SRPictureBrowserDemo */;
			targetProxy = 68A23F141EBACB1000EF0DEC /* PBXContainerItemProxy */;
		};
/* End PBXTargetDependency section */

/* Begin PBXVariantGroup section */
		68E825B91E11196E002FB39B /* Main.storyboard */ = {
			isa = PBXVariantGroup;
			children = (
				68E825BA1E11196E002FB39B /* Base */,
			);
			name = Main.storyboard;
			sourceTree = "<group>";
		};
/* End PBXVariantGroup section */

/* Begin XCBuildConfiguration section */
		68A23F161EBACB1000EF0DEC /* Debug */ = {
			isa = XCBuildConfiguration;
			buildSettings = {
				BUNDLE_LOADER = "$(TEST_HOST)";
				"CODE_SIGN_IDENTITY[sdk=iphoneos*]" = "iPhone Developer";
				DEVELOPMENT_TEAM = "";
				INFOPLIST_FILE = SRPictureBrowserDemoTests/Info.plist;
				IPHONEOS_DEPLOYMENT_TARGET = 10.2;
				LD_RUNPATH_SEARCH_PATHS = "$(inherited) @executable_path/Frameworks @loader_path/Frameworks";
				PRODUCT_BUNDLE_IDENTIFIER = com.willing.SRPictureBrowserDemoTests;
				PRODUCT_NAME = "$(TARGET_NAME)";
				TEST_HOST = "$(BUILT_PRODUCTS_DIR)/SRPictureBrowserDemo.app/SRPictureBrowserDemo";
			};
			name = Debug;
		};
		68A23F171EBACB1000EF0DEC /* Release */ = {
			isa = XCBuildConfiguration;
			buildSettings = {
				BUNDLE_LOADER = "$(TEST_HOST)";
				"CODE_SIGN_IDENTITY[sdk=iphoneos*]" = "iPhone Developer";
				DEVELOPMENT_TEAM = "";
				INFOPLIST_FILE = SRPictureBrowserDemoTests/Info.plist;
				IPHONEOS_DEPLOYMENT_TARGET = 10.2;
				LD_RUNPATH_SEARCH_PATHS = "$(inherited) @executable_path/Frameworks @loader_path/Frameworks";
				PRODUCT_BUNDLE_IDENTIFIER = com.willing.SRPictureBrowserDemoTests;
				PRODUCT_NAME = "$(TARGET_NAME)";
				TEST_HOST = "$(BUILT_PRODUCTS_DIR)/SRPictureBrowserDemo.app/SRPictureBrowserDemo";
			};
			name = Release;
		};
		68E825D81E11196E002FB39B /* Debug */ = {
			isa = XCBuildConfiguration;
			buildSettings = {
				ALWAYS_SEARCH_USER_PATHS = NO;
				CLANG_ANALYZER_NONNULL = YES;
				CLANG_CXX_LANGUAGE_STANDARD = "gnu++0x";
				CLANG_CXX_LIBRARY = "libc++";
				CLANG_ENABLE_MODULES = YES;
				CLANG_ENABLE_OBJC_ARC = YES;
				CLANG_WARN_BOOL_CONVERSION = YES;
				CLANG_WARN_CONSTANT_CONVERSION = YES;
				CLANG_WARN_DIRECT_OBJC_ISA_USAGE = YES_ERROR;
				CLANG_WARN_DOCUMENTATION_COMMENTS = YES;
				CLANG_WARN_EMPTY_BODY = YES;
				CLANG_WARN_ENUM_CONVERSION = YES;
				CLANG_WARN_INFINITE_RECURSION = YES;
				CLANG_WARN_INT_CONVERSION = YES;
				CLANG_WARN_OBJC_ROOT_CLASS = YES_ERROR;
				CLANG_WARN_SUSPICIOUS_MOVE = YES;
				CLANG_WARN_SUSPICIOUS_MOVES = YES;
				CLANG_WARN_UNREACHABLE_CODE = YES;
				CLANG_WARN__DUPLICATE_METHOD_MATCH = YES;
				"CODE_SIGN_IDENTITY[sdk=iphoneos*]" = "iPhone Developer";
				COPY_PHASE_STRIP = NO;
				DEBUG_INFORMATION_FORMAT = dwarf;
				ENABLE_STRICT_OBJC_MSGSEND = YES;
				ENABLE_TESTABILITY = YES;
				GCC_C_LANGUAGE_STANDARD = gnu99;
				GCC_DYNAMIC_NO_PIC = NO;
				GCC_NO_COMMON_BLOCKS = YES;
				GCC_OPTIMIZATION_LEVEL = 0;
				GCC_PREPROCESSOR_DEFINITIONS = (
					"DEBUG=1",
					"$(inherited)",
				);
				GCC_WARN_64_TO_32_BIT_CONVERSION = YES;
				GCC_WARN_ABOUT_RETURN_TYPE = YES_ERROR;
				GCC_WARN_UNDECLARED_SELECTOR = YES;
				GCC_WARN_UNINITIALIZED_AUTOS = YES_AGGRESSIVE;
				GCC_WARN_UNUSED_FUNCTION = YES;
				GCC_WARN_UNUSED_VARIABLE = YES;
				IPHONEOS_DEPLOYMENT_TARGET = 10.1;
				MTL_ENABLE_DEBUG_INFO = YES;
				ONLY_ACTIVE_ARCH = YES;
				SDKROOT = iphoneos;
			};
			name = Debug;
		};
		68E825D91E11196E002FB39B /* Release */ = {
			isa = XCBuildConfiguration;
			buildSettings = {
				ALWAYS_SEARCH_USER_PATHS = NO;
				CLANG_ANALYZER_NONNULL = YES;
				CLANG_CXX_LANGUAGE_STANDARD = "gnu++0x";
				CLANG_CXX_LIBRARY = "libc++";
				CLANG_ENABLE_MODULES = YES;
				CLANG_ENABLE_OBJC_ARC = YES;
				CLANG_WARN_BOOL_CONVERSION = YES;
				CLANG_WARN_CONSTANT_CONVERSION = YES;
				CLANG_WARN_DIRECT_OBJC_ISA_USAGE = YES_ERROR;
				CLANG_WARN_DOCUMENTATION_COMMENTS = YES;
				CLANG_WARN_EMPTY_BODY = YES;
				CLANG_WARN_ENUM_CONVERSION = YES;
				CLANG_WARN_INFINITE_RECURSION = YES;
				CLANG_WARN_INT_CONVERSION = YES;
				CLANG_WARN_OBJC_ROOT_CLASS = YES_ERROR;
				CLANG_WARN_SUSPICIOUS_MOVE = YES;
				CLANG_WARN_SUSPICIOUS_MOVES = YES;
				CLANG_WARN_UNREACHABLE_CODE = YES;
				CLANG_WARN__DUPLICATE_METHOD_MATCH = YES;
				"CODE_SIGN_IDENTITY[sdk=iphoneos*]" = "iPhone Developer";
				COPY_PHASE_STRIP = NO;
				DEBUG_INFORMATION_FORMAT = "dwarf-with-dsym";
				ENABLE_NS_ASSERTIONS = NO;
				ENABLE_STRICT_OBJC_MSGSEND = YES;
				GCC_C_LANGUAGE_STANDARD = gnu99;
				GCC_NO_COMMON_BLOCKS = YES;
				GCC_WARN_64_TO_32_BIT_CONVERSION = YES;
				GCC_WARN_ABOUT_RETURN_TYPE = YES_ERROR;
				GCC_WARN_UNDECLARED_SELECTOR = YES;
				GCC_WARN_UNINITIALIZED_AUTOS = YES_AGGRESSIVE;
				GCC_WARN_UNUSED_FUNCTION = YES;
				GCC_WARN_UNUSED_VARIABLE = YES;
				IPHONEOS_DEPLOYMENT_TARGET = 10.1;
				MTL_ENABLE_DEBUG_INFO = NO;
				SDKROOT = iphoneos;
				VALIDATE_PRODUCT = YES;
			};
			name = Release;
		};
		68E825DB1E11196E002FB39B /* Debug */ = {
			isa = XCBuildConfiguration;
			buildSettings = {
				ASSETCATALOG_COMPILER_APPICON_NAME = AppIcon;
				DEVELOPMENT_TEAM = Y4FK8UXDXW;
				INFOPLIST_FILE = SRPictureBrowserDemo/Info.plist;
				IPHONEOS_DEPLOYMENT_TARGET = 8.0;
				LD_RUNPATH_SEARCH_PATHS = "$(inherited) @executable_path/Frameworks";
				OTHER_LDFLAGS = "";
				PRODUCT_BUNDLE_IDENTIFIER = com.willing.SRPictureBrowserDemo;
				PRODUCT_NAME = "$(TARGET_NAME)";
				PROVISIONING_PROFILE = "b37cda96-8f5e-4e66-b454-438b5140edb4";
				PROVISIONING_PROFILE_SPECIFIER = PPForAll;
			};
			name = Debug;
		};
		68E825DC1E11196E002FB39B /* Release */ = {
			isa = XCBuildConfiguration;
			buildSettings = {
				ASSETCATALOG_COMPILER_APPICON_NAME = AppIcon;
				DEVELOPMENT_TEAM = Y4FK8UXDXW;
				INFOPLIST_FILE = SRPictureBrowserDemo/Info.plist;
				IPHONEOS_DEPLOYMENT_TARGET = 8.0;
				LD_RUNPATH_SEARCH_PATHS = "$(inherited) @executable_path/Frameworks";
				OTHER_LDFLAGS = "";
				PRODUCT_BUNDLE_IDENTIFIER = com.willing.SRPictureBrowserDemo;
				PRODUCT_NAME = "$(TARGET_NAME)";
				PROVISIONING_PROFILE = "b37cda96-8f5e-4e66-b454-438b5140edb4";
				PROVISIONING_PROFILE_SPECIFIER = PPForAll;
			};
			name = Release;
		};
/* End XCBuildConfiguration section */

/* Begin XCConfigurationList section */
		68A23F181EBACB1000EF0DEC /* Build configuration list for PBXNativeTarget "SRPictureBrowserDemoTests" */ = {
			isa = XCConfigurationList;
			buildConfigurations = (
				68A23F161EBACB1000EF0DEC /* Debug */,
				68A23F171EBACB1000EF0DEC /* Release */,
			);
			defaultConfigurationIsVisible = 0;
			defaultConfigurationName = Release;
		};
		68E825A81E11196E002FB39B /* Build configuration list for PBXProject "SRPictureBrowserDemo" */ = {
			isa = XCConfigurationList;
			buildConfigurations = (
				68E825D81E11196E002FB39B /* Debug */,
				68E825D91E11196E002FB39B /* Release */,
			);
			defaultConfigurationIsVisible = 0;
			defaultConfigurationName = Release;
		};
		68E825DA1E11196E002FB39B /* Build configuration list for PBXNativeTarget "SRPictureBrowserDemo" */ = {
			isa = XCConfigurationList;
			buildConfigurations = (
				68E825DB1E11196E002FB39B /* Debug */,
				68E825DC1E11196E002FB39B /* Release */,
			);
			defaultConfigurationIsVisible = 0;
			defaultConfigurationName = Release;
		};
/* End XCConfigurationList section */
	};
	rootObject = 68E825A51E11196E002FB39B /* Project object */;
}
